
Microsoft Visual Studio Solution File, Format Version 12.00
Project("{FAE04EC0-301F-11D3-BF4B-00C04F79EFBC}") = "HttpHeaderEncodingIssue", "HttpHeaderEncodingIssue\HttpHeaderEncodingIssue.csproj", "{9EB7589B-133D-4E33-B72E-39EC87082A7C}"
EndProject
Project("{FAE04EC0-301F-11D3-BF4B-00C04F79EFBC}") = "MyUnitTests", "MyUnitTests\MyUnitTests.csproj", "{6CE8A49E-E109-44F1-B031-C898CA525EB6}"
EndProject
Global
	GlobalSection(SolutionConfigurationPlatforms) = preSolution
		Debug|Any CPU = Debug|Any CPU
		Release|Any CPU = Release|Any CPU
	EndGlobalSection
	GlobalSection(ProjectConfigurationPlatforms) = postSolution
		{9EB7589B-133D-4E33-B72E-39EC87082A7C}.Debug|Any CPU.ActiveCfg = Debug|Any CPU
		{9EB7589B-133D-4E33-B72E-39EC87082A7C}.Debug|Any CPU.Build.0 = Debug|Any CPU
		{9EB7589B-133D-4E33-B72E-39EC87082A7C}.Release|Any CPU.ActiveCfg = Release|Any CPU
		{9EB7589B-133D-4E33-B72E-39EC87082A7C}.Release|Any CPU.Build.0 = Release|Any CPU
		{6CE8A49E-E109-44F1-B031-C898CA525EB6}.Debug|Any CPU.ActiveCfg = Debug|Any CPU
		{6CE8A49E-E109-44F1-B031-C898CA525EB6}.Debug|Any CPU.Build.0 = Debug|Any CPU
		{6CE8A49E-E109-44F1-B031-C898CA525EB6}.Release|Any CPU.ActiveCfg = Release|Any CPU
		{6CE8A49E-E109-44F1-B031-C898CA525EB6}.Release|Any CPU.Build.0 = Release|Any CPU
	EndGlobalSection
EndGlobal
